
Microsoft Visual Studio Solution File, Format Version 12.00
# Visual Studio 15
Project("{FAE04EC0-301F-11D3-BF4B-00C04F79EFBC}") = "UnityEngine.TestRunner", "UnityEngine.TestRunner.csproj", "{ED5B66FF-11E3-B6D5-7CE3-E404791D0C50}"
EndProject
Project("{FAE04EC0-301F-11D3-BF4B-00C04F79EFBC}") = "UnityEngine.UI", "UnityEngine.UI.csproj", "{768E7B1A-A960-8D35-E983-E468C10DCB75}"
EndProject
Project("{FAE04EC0-301F-11D3-BF4B-00C04F79EFBC}") = "Unity.VisualScripting.State", "Unity.VisualScripting.State.csproj", "{46E301E3-4518-1786-6C88-82360365E2AD}"
EndProject
Project("{FAE04EC0-301F-11D3-BF4B-00C04F79EFBC}") = "Unity.VisualScripting.Core", "Unity.VisualScripting.Core.csproj", "{F3E6C9A4-3282-DA45-FB5D-724132801375}"
EndProject
Project("{FAE04EC0-301F-11D3-BF4B-00C04F79EFBC}") = "Unity.VisualScripting.Flow", "Unity.VisualScripting.Flow.csproj", "{773627E4-AD60-181A-1DAE-47DDCBD5CC9E}"
EndProject
Project("{FAE04EC0-301F-11D3-BF4B-00C04F79EFBC}") = "Unity.TextMeshPro", "Unity.TextMeshPro.csproj", "{9A70070E-6E4B-CBE8-C331-E0BE4E8D6F02}"
EndProject
Project("{FAE04EC0-301F-11D3-BF4B-00C04F79EFBC}") = "Unity.Timeline", "Unity.Timeline.csproj", "{27D7217D-F6F4-45DA-486E-EF1816315829}"
EndProject
Project("{FAE04EC0-301F-11D3-BF4B-00C04F79EFBC}") = "Unity.PlasticSCM.Editor", "Unity.PlasticSCM.Editor.csproj", "{FAFA59F0-4826-128B-BAE0-894875B5B8BD}"
EndProject
Project("{FAE04EC0-301F-11D3-BF4B-00C04F79EFBC}") = "Unity.VisualScripting.Core.Editor", "Unity.VisualScripting.Core.Editor.csproj", "{F5D9395B-2D99-B11D-2C91-096D4A3044C6}"
EndProject
Project("{FAE04EC0-301F-11D3-BF4B-00C04F79EFBC}") = "Unity.VisualStudio.Editor", "Unity.VisualStudio.Editor.csproj", "{B18F3574-F069-BC50-6FE7-AF3BE568ED7F}"
EndProject
Project("{FAE04EC0-301F-11D3-BF4B-00C04F79EFBC}") = "Unity.Timeline.Editor", "Unity.Timeline.Editor.csproj", "{EAE236AC-BF3E-A160-3C6D-E8D17B9C510B}"
EndProject
Project("{FAE04EC0-301F-11D3-BF4B-00C04F79EFBC}") = "Unity.VisualScripting.State.Editor", "Unity.VisualScripting.State.Editor.csproj", "{CEDD61AA-F5C3-4F65-7AEF-1386FA278DC3}"
EndProject
Project("{FAE04EC0-301F-11D3-BF4B-00C04F79EFBC}") = "Unity.TextMeshPro.Editor", "Unity.TextMeshPro.Editor.csproj", "{3092A0A5-83D6-4B67-71D2-24C6A8C61DAB}"
EndProject
Project("{FAE04EC0-301F-11D3-BF4B-00C04F79EFBC}") = "VSSettingsProvider", "VSSettingsProvider.csproj", "{C5B9F65E-0C2F-8CC2-D8BF-F39BD489B624}"
EndProject
Project("{FAE04EC0-301F-11D3-BF4B-00C04F79EFBC}") = "Unity.CollabProxy.Editor", "Unity.CollabProxy.Editor.csproj", "{DE7927E3-243C-D232-4586-95027B1C4FF7}"
EndProject
Project("{FAE04EC0-301F-11D3-BF4B-00C04F79EFBC}") = "UnityEditor.TestRunner", "UnityEditor.TestRunner.csproj", "{8248A491-E58C-DE57-3083-30F0CC3BD940}"
EndProject
Project("{FAE04EC0-301F-11D3-BF4B-00C04F79EFBC}") = "Unity.VisualScripting.Flow.Editor", "Unity.VisualScripting.Flow.Editor.csproj", "{81BC612A-A91E-4036-84B8-1F2A685B3D98}"
EndProject
Project("{FAE04EC0-301F-11D3-BF4B-00C04F79EFBC}") = "Unity.Rider.Editor", "Unity.Rider.Editor.csproj", "{B1A32C78-0DF7-6274-6863-E3B9C980596B}"
EndProject
Project("{FAE04EC0-301F-11D3-BF4B-00C04F79EFBC}") = "Unity.VSCode.Editor", "Unity.VSCode.Editor.csproj", "{650CD2AA-F7A3-2C61-7A92-283041EDD7C0}"
EndProject
Project("{FAE04EC0-301F-11D3-BF4B-00C04F79EFBC}") = "UnityEditor.UI", "UnityEditor.UI.csproj", "{945E7766-E067-1AF7-E17D-2BFA30E51EEC}"
EndProject
Project("{FAE04EC0-301F-11D3-BF4B-00C04F79EFBC}") = "UnityEngine.TestRunner", "UnityEngine.TestRunner.Player.csproj", "{12FAB964-0D52-65C8-4076-DCF331680895}"
EndProject
Project("{FAE04EC0-301F-11D3-BF4B-00C04F79EFBC}") = "UnityEngine.UI", "UnityEngine.UI.Player.csproj", "{1E507052-4C4D-46A2-4817-C262EAE9ACBA}"
EndProject
Project("{FAE04EC0-301F-11D3-BF4B-00C04F79EFBC}") = "Unity.VisualScripting.State", "Unity.VisualScripting.State.Player.csproj", "{930CE090-EA1F-5FD4-E320-08EEA44C9338}"
EndProject
Project("{FAE04EC0-301F-11D3-BF4B-00C04F79EFBC}") = "Unity.VisualScripting.Core", "Unity.VisualScripting.Core.Player.csproj", "{377241EE-C55A-E7BA-56E7-440836202E1A}"
EndProject
Project("{FAE04EC0-301F-11D3-BF4B-00C04F79EFBC}") = "Unity.VisualScripting.Flow", "Unity.VisualScripting.Flow.Player.csproj", "{46D1C23E-AB8F-F3F5-7CF3-436AFB1D2768}"
EndProject
Project("{FAE04EC0-301F-11D3-BF4B-00C04F79EFBC}") = "Unity.TextMeshPro", "Unity.TextMeshPro.Player.csproj", "{DF3020D3-2855-5994-4237-437C2E32D0E0}"
EndProject
Project("{FAE04EC0-301F-11D3-BF4B-00C04F79EFBC}") = "Unity.Timeline", "Unity.Timeline.Player.csproj", "{8C83D795-D11E-2E47-2074-AA369C430150}"
EndProject
Global
	GlobalSection(SolutionConfigurationPlatforms) = preSolution
		Debug|Any CPU = Debug|Any CPU
		Release|Any CPU = Release|Any CPU
	EndGlobalSection
	GlobalSection(ProjectConfigurationPlatforms) = postSolution
		{ED5B66FF-11E3-B6D5-7CE3-E404791D0C50}.Debug|Any CPU.ActiveCfg = Debug|Any CPU
		{ED5B66FF-11E3-B6D5-7CE3-E404791D0C50}.Debug|Any CPU.Build.0 = Debug|Any CPU
		{ED5B66FF-11E3-B6D5-7CE3-E404791D0C50}.Release|Any CPU.ActiveCfg = Release|Any CPU
		{ED5B66FF-11E3-B6D5-7CE3-E404791D0C50}.Release|Any CPU.Build.0 = Release|Any CPU
		{768E7B1A-A960-8D35-E983-E468C10DCB75}.Debug|Any CPU.ActiveCfg = Debug|Any CPU
		{768E7B1A-A960-8D35-E983-E468C10DCB75}.Debug|Any CPU.Build.0 = Debug|Any CPU
		{768E7B1A-A960-8D35-E983-E468C10DCB75}.Release|Any CPU.ActiveCfg = Release|Any CPU
		{768E7B1A-A960-8D35-E983-E468C10DCB75}.Release|Any CPU.Build.0 = Release|Any CPU
		{46E301E3-4518-1786-6C88-82360365E2AD}.Debug|Any CPU.ActiveCfg = Debug|Any CPU
		{46E301E3-4518-1786-6C88-82360365E2AD}.Debug|Any CPU.Build.0 = Debug|Any CPU
		{46E301E3-4518-1786-6C88-82360365E2AD}.Release|Any CPU.ActiveCfg = Release|Any CPU
		{46E301E3-4518-1786-6C88-82360365E2AD}.Release|Any CPU.Build.0 = Release|Any CPU
		{F3E6C9A4-3282-DA45-FB5D-724132801375}.Debug|Any CPU.ActiveCfg = Debug|Any CPU
		{F3E6C9A4-3282-DA45-FB5D-724132801375}.Debug|Any CPU.Build.0 = Debug|Any CPU
		{F3E6C9A4-3282-DA45-FB5D-724132801375}.Release|Any CPU.ActiveCfg = Release|Any CPU
		{F3E6C9A4-3282-DA45-FB5D-724132801375}.Release|Any CPU.Build.0 = Release|Any CPU
		{773627E4-AD60-181A-1DAE-47DDCBD5CC9E}.Debug|Any CPU.ActiveCfg = Debug|Any CPU
		{773627E4-AD60-181A-1DAE-47DDCBD5CC9E}.Debug|Any CPU.Build.0 = Debug|Any CPU
		{773627E4-AD60-181A-1DAE-47DDCBD5CC9E}.Release|Any CPU.ActiveCfg = Release|Any CPU
		{773627E4-AD60-181A-1DAE-47DDCBD5CC9E}.Release|Any CPU.Build.0 = Release|Any CPU
		{9A70070E-6E4B-CBE8-C331-E0BE4E8D6F02}.Debug|Any CPU.ActiveCfg = Debug|Any CPU
		{9A70070E-6E4B-CBE8-C331-E0BE4E8D6F02}.Debug|Any CPU.Build.0 = Debug|Any CPU
		{9A70070E-6E4B-CBE8-C331-E0BE4E8D6F02}.Release|Any CPU.ActiveCfg = Release|Any CPU
		{9A70070E-6E4B-CBE8-C331-E0BE4E8D6F02}.Release|Any CPU.Build.0 = Release|Any CPU
		{27D7217D-F6F4-45DA-486E-EF1816315829}.Debug|Any CPU.ActiveCfg = Debug|Any CPU
		{27D7217D-F6F4-45DA-486E-EF1816315829}.Debug|Any CPU.Build.0 = Debug|Any CPU
		{27D7217D-F6F4-45DA-486E-EF1816315829}.Release|Any CPU.ActiveCfg = Release|Any CPU
		{27D7217D-F6F4-45DA-486E-EF1816315829}.Release|Any CPU.Build.0 = Release|Any CPU
		{FAFA59F0-4826-128B-BAE0-894875B5B8BD}.Debug|Any CPU.ActiveCfg = Debug|Any CPU
		{FAFA59F0-4826-128B-BAE0-894875B5B8BD}.Debug|Any CPU.Build.0 = Debug|Any CPU
		{FAFA59F0-4826-128B-BAE0-894875B5B8BD}.Release|Any CPU.ActiveCfg = Release|Any CPU
		{FAFA59F0-4826-128B-BAE0-894875B5B8BD}.Release|Any CPU.Build.0 = Release|Any CPU
		{F5D9395B-2D99-B11D-2C91-096D4A3044C6}.Debug|Any CPU.ActiveCfg = Debug|Any CPU
		{F5D9395B-2D99-B11D-2C91-096D4A3044C6}.Debug|Any CPU.Build.0 = Debug|Any CPU
		{F5D9395B-2D99-B11D-2C91-096D4A3044C6}.Release|Any CPU.ActiveCfg = Release|Any CPU
		{F5D9395B-2D99-B11D-2C91-096D4A3044C6}.Release|Any CPU.Build.0 = Release|Any CPU
		{B18F3574-F069-BC50-6FE7-AF3BE568ED7F}.Debug|Any CPU.ActiveCfg = Debug|Any CPU
		{B18F3574-F069-BC50-6FE7-AF3BE568ED7F}.Debug|Any CPU.Build.0 = Debug|Any CPU
		{B18F3574-F069-BC50-6FE7-AF3BE568ED7F}.Release|Any CPU.ActiveCfg = Release|Any CPU
		{B18F3574-F069-BC50-6FE7-AF3BE568ED7F}.Release|Any CPU.Build.0 = Release|Any CPU
		{EAE236AC-BF3E-A160-3C6D-E8D17B9C510B}.Debug|Any CPU.ActiveCfg = Debug|Any CPU
		{EAE236AC-BF3E-A160-3C6D-E8D17B9C510B}.Debug|Any CPU.Build.0 = Debug|Any CPU
		{EAE236AC-BF3E-A160-3C6D-E8D17B9C510B}.Release|Any CPU.ActiveCfg = Release|Any CPU
		{EAE236AC-BF3E-A160-3C6D-E8D17B9C510B}.Release|Any CPU.Build.0 = Release|Any CPU
		{CEDD61AA-F5C3-4F65-7AEF-1386FA278DC3}.Debug|Any CPU.ActiveCfg = Debug|Any CPU
		{CEDD61AA-F5C3-4F65-7AEF-1386FA278DC3}.Debug|Any CPU.Build.0 = Debug|Any CPU
		{CEDD61AA-F5C3-4F65-7AEF-1386FA278DC3}.Release|Any CPU.ActiveCfg = Release|Any CPU
		{CEDD61AA-F5C3-4F65-7AEF-1386FA278DC3}.Release|Any CPU.Build.0 = Release|Any CPU
		{3092A0A5-83D6-4B67-71D2-24C6A8C61DAB}.Debug|Any CPU.ActiveCfg = Debug|Any CPU
		{3092A0A5-83D6-4B67-71D2-24C6A8C61DAB}.Debug|Any CPU.Build.0 = Debug|Any CPU
		{3092A0A5-83D6-4B67-71D2-24C6A8C61DAB}.Release|Any CPU.ActiveCfg = Release|Any CPU
		{3092A0A5-83D6-4B67-71D2-24C6A8C61DAB}.Release|Any CPU.Build.0 = Release|Any CPU
		{C5B9F65E-0C2F-8CC2-D8BF-F39BD489B624}.Debug|Any CPU.ActiveCfg = Debug|Any CPU
		{C5B9F65E-0C2F-8CC2-D8BF-F39BD489B624}.Debug|Any CPU.Build.0 = Debug|Any CPU
		{C5B9F65E-0C2F-8CC2-D8BF-F39BD489B624}.Release|Any CPU.ActiveCfg = Release|Any CPU
		{C5B9F65E-0C2F-8CC2-D8BF-F39BD489B624}.Release|Any CPU.Build.0 = Release|Any CPU
		{DE7927E3-243C-D232-4586-95027B1C4FF7}.Debug|Any CPU.ActiveCfg = Debug|Any CPU
		{DE7927E3-243C-D232-4586-95027B1C4FF7}.Debug|Any CPU.Build.0 = Debug|Any CPU
		{DE7927E3-243C-D232-4586-95027B1C4FF7}.Release|Any CPU.ActiveCfg = Release|Any CPU
		{DE7927E3-243C-D232-4586-95027B1C4FF7}.Release|Any CPU.Build.0 = Release|Any CPU
		{8248A491-E58C-DE57-3083-30F0CC3BD940}.Debug|Any CPU.ActiveCfg = Debug|Any CPU
		{8248A491-E58C-DE57-3083-30F0CC3BD940}.Debug|Any CPU.Build.0 = Debug|Any CPU
		{8248A491-E58C-DE57-3083-30F0CC3BD940}.Release|Any CPU.ActiveCfg = Release|Any CPU
		{8248A491-E58C-DE57-3083-30F0CC3BD940}.Release|Any CPU.Build.0 = Release|Any CPU
		{81BC612A-A91E-4036-84B8-1F2A685B3D98}.Debug|Any CPU.ActiveCfg = Debug|Any CPU
		{81BC612A-A91E-4036-84B8-1F2A685B3D98}.Debug|Any CPU.Build.0 = Debug|Any CPU
		{81BC612A-A91E-4036-84B8-1F2A685B3D98}.Release|Any CPU.ActiveCfg = Release|Any CPU
		{81BC612A-A91E-4036-84B8-1F2A685B3D98}.Release|Any CPU.Build.0 = Release|Any CPU
		{B1A32C78-0DF7-6274-6863-E3B9C980596B}.Debug|Any CPU.ActiveCfg = Debug|Any CPU
		{B1A32C78-0DF7-6274-6863-E3B9C980596B}.Debug|Any CPU.Build.0 = Debug|Any CPU
		{B1A32C78-0DF7-6274-6863-E3B9C980596B}.Release|Any CPU.ActiveCfg = Release|Any CPU
		{B1A32C78-0DF7-6274-6863-E3B9C980596B}.Release|Any CPU.Build.0 = Release|Any CPU
		{650CD2AA-F7A3-2C61-7A92-283041EDD7C0}.Debug|Any CPU.ActiveCfg = Debug|Any CPU
		{650CD2AA-F7A3-2C61-7A92-283041EDD7C0}.Debug|Any CPU.Build.0 = Debug|Any CPU
		{650CD2AA-F7A3-2C61-7A92-283041EDD7C0}.Release|Any CPU.ActiveCfg = Release|Any CPU
		{650CD2AA-F7A3-2C61-7A92-283041EDD7C0}.Release|Any CPU.Build.0 = Release|Any CPU
		{945E7766-E067-1AF7-E17D-2BFA30E51EEC}.Debug|Any CPU.ActiveCfg = Debug|Any CPU
		{945E7766-E067-1AF7-E17D-2BFA30E51EEC}.Debug|Any CPU.Build.0 = Debug|Any CPU
		{945E7766-E067-1AF7-E17D-2BFA30E51EEC}.Release|Any CPU.ActiveCfg = Release|Any CPU
		{945E7766-E067-1AF7-E17D-2BFA30E51EEC}.Release|Any CPU.Build.0 = Release|Any CPU
		{12FAB964-0D52-65C8-4076-DCF331680895}.Debug|Any CPU.ActiveCfg = Debug|Any CPU
		{12FAB964-0D52-65C8-4076-DCF331680895}.Debug|Any CPU.Build.0 = Debug|Any CPU
		{12FAB964-0D52-65C8-4076-DCF331680895}.Release|Any CPU.ActiveCfg = Release|Any CPU
		{12FAB964-0D52-65C8-4076-DCF331680895}.Release|Any CPU.Build.0 = Release|Any CPU
		{1E507052-4C4D-46A2-4817-C262EAE9ACBA}.Debug|Any CPU.ActiveCfg = Debug|Any CPU
		{1E507052-4C4D-46A2-4817-C262EAE9ACBA}.Debug|Any CPU.Build.0 = Debug|Any CPU
		{1E507052-4C4D-46A2-4817-C262EAE9ACBA}.Release|Any CPU.ActiveCfg = Release|Any CPU
		{1E507052-4C4D-46A2-4817-C262EAE9ACBA}.Release|Any CPU.Build.0 = Release|Any CPU
		{930CE090-EA1F-5FD4-E320-08EEA44C9338}.Debug|Any CPU.ActiveCfg = Debug|Any CPU
		{930CE090-EA1F-5FD4-E320-08EEA44C9338}.Debug|Any CPU.Build.0 = Debug|Any CPU
		{930CE090-EA1F-5FD4-E320-08EEA44C9338}.Release|Any CPU.ActiveCfg = Release|Any CPU
		{930CE090-EA1F-5FD4-E320-08EEA44C9338}.Release|Any CPU.Build.0 = Release|Any CPU
		{377241EE-C55A-E7BA-56E7-440836202E1A}.Debug|Any CPU.ActiveCfg = Debug|Any CPU
		{377241EE-C55A-E7BA-56E7-440836202E1A}.Debug|Any CPU.Build.0 = Debug|Any CPU
		{377241EE-C55A-E7BA-56E7-440836202E1A}.Release|Any CPU.ActiveCfg = Release|Any CPU
		{377241EE-C55A-E7BA-56E7-440836202E1A}.Release|Any CPU.Build.0 = Release|Any CPU
		{46D1C23E-AB8F-F3F5-7CF3-436AFB1D2768}.Debug|Any CPU.ActiveCfg = Debug|Any CPU
		{46D1C23E-AB8F-F3F5-7CF3-436AFB1D2768}.Debug|Any CPU.Build.0 = Debug|Any CPU
		{46D1C23E-AB8F-F3F5-7CF3-436AFB1D2768}.Release|Any CPU.ActiveCfg = Release|Any CPU
		{46D1C23E-AB8F-F3F5-7CF3-436AFB1D2768}.Release|Any CPU.Build.0 = Release|Any CPU
		{DF3020D3-2855-5994-4237-437C2E32D0E0}.Debug|Any CPU.ActiveCfg = Debug|Any CPU
		{DF3020D3-2855-5994-4237-437C2E32D0E0}.Debug|Any CPU.Build.0 = Debug|Any CPU
		{DF3020D3-2855-5994-4237-437C2E32D0E0}.Release|Any CPU.ActiveCfg = Release|Any CPU
		{DF3020D3-2855-5994-4237-437C2E32D0E0}.Release|Any CPU.Build.0 = Release|Any CPU
		{8C83D795-D11E-2E47-2074-AA369C430150}.Debug|Any CPU.ActiveCfg = Debug|Any CPU
		{8C83D795-D11E-2E47-2074-AA369C430150}.Debug|Any CPU.Build.0 = Debug|Any CPU
		{8C83D795-D11E-2E47-2074-AA369C430150}.Release|Any CPU.ActiveCfg = Release|Any CPU
		{8C83D795-D11E-2E47-2074-AA369C430150}.Release|Any CPU.Build.0 = Release|Any CPU
	EndGlobalSection
	GlobalSection(SolutionProperties) = preSolution
		HideSolutionNode = FALSE
	EndGlobalSection
EndGlobal
